
Microsoft Visual Studio Solution File, Format Version 12.00
# Visual Studio Version 16
VisualStudioVersion = 16.0.29728.190
MinimumVisualStudioVersion = 10.0.40219.1
Project("{8BC9CEB8-8B4A-11D0-8D11-00A0C91BC942}") = "VIOSOWarpBlend", "VIOSOWarpBlend\VIOSOWarpBlend.vcxproj", "{3ABC932E-A0F3-4F8F-80D9-E5756F57EA64}"
EndProject
Project("{2150E333-8FDC-42A3-9474-1A3956D46DE8}") = "Tests", "Tests", "{940EA503-1A42-4750-B4BF-A71BFE7C0012}"
EndProject
Project("{8BC9CEB8-8B4A-11D0-8D11-00A0C91BC942}") = "DirectX11Example", "Examples\DirectX11\DX11Example.vcxproj", "{9C4FB60F-AFFE-429B-ABD2-7F38ACAD1FC6}"
	ProjectSection(ProjectDependencies) = postProject
		{3ABC932E-A0F3-4F8F-80D9-E5756F57EA64} = {3ABC932E-A0F3-4F8F-80D9-E5756F57EA64}
		{22F31FAD-C147-41A9-B503-5F2CC73A64C6} = {22F31FAD-C147-41A9-B503-5F2CC73A64C6}
	EndProjectSection
EndProject
Project("{8BC9CEB8-8B4A-11D0-8D11-00A0C91BC942}") = "EyePointProvider", "EyePointProvider\EyePointProvider.vcxproj", "{22F31FAD-C147-41A9-B503-5F2CC73A64C6}"
EndProject
Project("{8BC9CEB8-8B4A-11D0-8D11-00A0C91BC942}") = "TrackerSim", "TrackerSim\TrackerSim.vcxproj", "{F003DD88-C8F2-471F-A451-81E627D77475}"
EndProject
Project("{8BC9CEB8-8B4A-11D0-8D11-00A0C91BC942}") = "DirectX12Example", "Examples\DirectX12\D3D12HelloTexture.vcxproj", "{16B13BB4-D82D-4AC1-8B40-C6BCCC99954B}"
	ProjectSection(ProjectDependencies) = postProject
		{3ABC932E-A0F3-4F8F-80D9-E5756F57EA64} = {3ABC932E-A0F3-4F8F-80D9-E5756F57EA64}
		{22F31FAD-C147-41A9-B503-5F2CC73A64C6} = {22F31FAD-C147-41A9-B503-5F2CC73A64C6}
	EndProjectSection
EndProject
Project("{8BC9CEB8-8B4A-11D0-8D11-00A0C91BC942}") = "DirectX9Example", "Examples\DirectX9\DirectX9Example.vcxproj", "{0F1619BB-75F3-4D0E-858E-BF228AD17CCC}"
	ProjectSection(ProjectDependencies) = postProject
		{3ABC932E-A0F3-4F8F-80D9-E5756F57EA64} = {3ABC932E-A0F3-4F8F-80D9-E5756F57EA64}
		{22F31FAD-C147-41A9-B503-5F2CC73A64C6} = {22F31FAD-C147-41A9-B503-5F2CC73A64C6}
	EndProjectSection
EndProject
Project("{8BC9CEB8-8B4A-11D0-8D11-00A0C91BC942}") = "DirectX9ExExample", "Examples\DirectX9Ex\DirectX9ExExample.vcxproj", "{9D0BEE81-2BA5-4E43-AA85-332F1AA7F737}"
	ProjectSection(ProjectDependencies) = postProject
		{3ABC932E-A0F3-4F8F-80D9-E5756F57EA64} = {3ABC932E-A0F3-4F8F-80D9-E5756F57EA64}
		{22F31FAD-C147-41A9-B503-5F2CC73A64C6} = {22F31FAD-C147-41A9-B503-5F2CC73A64C6}
	EndProjectSection
EndProject
Project("{8BC9CEB8-8B4A-11D0-8D11-00A0C91BC942}") = "OpenGLExample", "Examples\OpenGL_4\OpenGL_3.2.vcxproj", "{B23D5850-468F-4D39-A7A8-E12492B424E0}"
	ProjectSection(ProjectDependencies) = postProject
		{3ABC932E-A0F3-4F8F-80D9-E5756F57EA64} = {3ABC932E-A0F3-4F8F-80D9-E5756F57EA64}
		{22F31FAD-C147-41A9-B503-5F2CC73A64C6} = {22F31FAD-C147-41A9-B503-5F2CC73A64C6}
	EndProjectSection
EndProject
Project("{8BC9CEB8-8B4A-11D0-8D11-00A0C91BC942}") = "DirectX9Example2", "Examples\DirectX9_render\Matrices_2010.vcxproj", "{D3D09003-96D0-4629-88B8-122C0256058C}"
	ProjectSection(ProjectDependencies) = postProject
		{3ABC932E-A0F3-4F8F-80D9-E5756F57EA64} = {3ABC932E-A0F3-4F8F-80D9-E5756F57EA64}
		{22F31FAD-C147-41A9-B503-5F2CC73A64C6} = {22F31FAD-C147-41A9-B503-5F2CC73A64C6}
	EndProjectSection
EndProject
Project("{8BC9CEB8-8B4A-11D0-8D11-00A0C91BC942}") = "MeshExample", "Examples\Mesh\MeshExample.vcxproj", "{C8EB413F-F973-48CF-8D06-8E963C1F819A}"
EndProject
Project("{FAE04EC0-301F-11D3-BF4B-00C04F79EFBC}") = "MapingLoader", "Examples\MapingLoader\MapingLoader.csproj", "{8D656B6D-8C97-4E30-A646-BA8CA2BB1FA1}"
	ProjectSection(ProjectDependencies) = postProject
		{3ABC932E-A0F3-4F8F-80D9-E5756F57EA64} = {3ABC932E-A0F3-4F8F-80D9-E5756F57EA64}
	EndProjectSection
EndProject
Project("{8BC9CEB8-8B4A-11D0-8D11-00A0C91BC942}") = "VulkanExample", "Examples\Vulkan\vulkan.vcxproj", "{9ABBB345-3D48-49A2-9BA5-777C30102F0B}"
EndProject
Global
	GlobalSection(SolutionConfigurationPlatforms) = preSolution
		Debug Unity|Any CPU = Debug Unity|Any CPU
		Debug Unity|Win32 = Debug Unity|Win32
		Debug Unity|x64 = Debug Unity|x64
		Debug_Mantis|Any CPU = Debug_Mantis|Any CPU
		Debug_Mantis|Win32 = Debug_Mantis|Win32
		Debug_Mantis|x64 = Debug_Mantis|x64
		Debug|Any CPU = Debug|Any CPU
		Debug|Win32 = Debug|Win32
		Debug|x64 = Debug|x64
		Profile|Any CPU = Profile|Any CPU
		Profile|Win32 = Profile|Win32
		Profile|x64 = Profile|x64
		Release Unity|Any CPU = Release Unity|Any CPU
		Release Unity|Win32 = Release Unity|Win32
		Release Unity|x64 = Release Unity|x64
		Release|Any CPU = Release|Any CPU
		Release|Win32 = Release|Win32
		Release|x64 = Release|x64
	EndGlobalSection
	GlobalSection(ProjectConfigurationPlatforms) = postSolution
		{3ABC932E-A0F3-4F8F-80D9-E5756F57EA64}.Debug Unity|Any CPU.ActiveCfg = Debug Unity|Win32
		{3ABC932E-A0F3-4F8F-80D9-E5756F57EA64}.Debug Unity|Win32.ActiveCfg = Debug Unity|Win32
		{3ABC932E-A0F3-4F8F-80D9-E5756F57EA64}.Debug Unity|Win32.Build.0 = Debug Unity|Win32
		{3ABC932E-A0F3-4F8F-80D9-E5756F57EA64}.Debug Unity|x64.ActiveCfg = Debug Unity|x64
		{3ABC932E-A0F3-4F8F-80D9-E5756F57EA64}.Debug Unity|x64.Build.0 = Debug Unity|x64
		{3ABC932E-A0F3-4F8F-80D9-E5756F57EA64}.Debug_Mantis|Any CPU.ActiveCfg = Debug_Mantis|Win32
		{3ABC932E-A0F3-4F8F-80D9-E5756F57EA64}.Debug_Mantis|Win32.ActiveCfg = Debug_Mantis|Win32
		{3ABC932E-A0F3-4F8F-80D9-E5756F57EA64}.Debug_Mantis|Win32.Build.0 = Debug_Mantis|Win32
		{3ABC932E-A0F3-4F8F-80D9-E5756F57EA64}.Debug_Mantis|x64.ActiveCfg = Debug_Mantis|x64
		{3ABC932E-A0F3-4F8F-80D9-E5756F57EA64}.Debug_Mantis|x64.Build.0 = Debug_Mantis|x64
		{3ABC932E-A0F3-4F8F-80D9-E5756F57EA64}.Debug|Any CPU.ActiveCfg = Debug|Win32
		{3ABC932E-A0F3-4F8F-80D9-E5756F57EA64}.Debug|Win32.ActiveCfg = Debug|Win32
		{3ABC932E-A0F3-4F8F-80D9-E5756F57EA64}.Debug|Win32.Build.0 = Debug|Win32
		{3ABC932E-A0F3-4F8F-80D9-E5756F57EA64}.Debug|x64.ActiveCfg = Debug|x64
		{3ABC932E-A0F3-4F8F-80D9-E5756F57EA64}.Debug|x64.Build.0 = Debug|x64
		{3ABC932E-A0F3-4F8F-80D9-E5756F57EA64}.Profile|Any CPU.ActiveCfg = Debug vvvv|Win32
		{3ABC932E-A0F3-4F8F-80D9-E5756F57EA64}.Profile|Any CPU.Build.0 = Debug vvvv|Win32
		{3ABC932E-A0F3-4F8F-80D9-E5756F57EA64}.Profile|Win32.ActiveCfg = Release Unity|Win32
		{3ABC932E-A0F3-4F8F-80D9-E5756F57EA64}.Profile|Win32.Build.0 = Release Unity|Win32
		{3ABC932E-A0F3-4F8F-80D9-E5756F57EA64}.Profile|x64.ActiveCfg = Release Unity|x64
		{3ABC932E-A0F3-4F8F-80D9-E5756F57EA64}.Profile|x64.Build.0 = Release Unity|x64
		{3ABC932E-A0F3-4F8F-80D9-E5756F57EA64}.Release Unity|Any CPU.ActiveCfg = Release Unity|Win32
		{3ABC932E-A0F3-4F8F-80D9-E5756F57EA64}.Release Unity|Win32.ActiveCfg = Release Unity|Win32
		{3ABC932E-A0F3-4F8F-80D9-E5756F57EA64}.Release Unity|Win32.Build.0 = Release Unity|Win32
		{3ABC932E-A0F3-4F8F-80D9-E5756F57EA64}.Release Unity|x64.ActiveCfg = Release Unity|x64
		{3ABC932E-A0F3-4F8F-80D9-E5756F57EA64}.Release Unity|x64.Build.0 = Release Unity|x64
		{3ABC932E-A0F3-4F8F-80D9-E5756F57EA64}.Release|Any CPU.ActiveCfg = Release|Win32
		{3ABC932E-A0F3-4F8F-80D9-E5756F57EA64}.Release|Win32.ActiveCfg = Release|Win32
		{3ABC932E-A0F3-4F8F-80D9-E5756F57EA64}.Release|Win32.Build.0 = Release|Win32
		{3ABC932E-A0F3-4F8F-80D9-E5756F57EA64}.Release|x64.ActiveCfg = Release|x64
		{3ABC932E-A0F3-4F8F-80D9-E5756F57EA64}.Release|x64.Build.0 = Release|x64
		{9C4FB60F-AFFE-429B-ABD2-7F38ACAD1FC6}.Debug Unity|Any CPU.ActiveCfg = Release|x64
		{9C4FB60F-AFFE-429B-ABD2-7F38ACAD1FC6}.Debug Unity|Any CPU.Build.0 = Release|x64
		{9C4FB60F-AFFE-429B-ABD2-7F38ACAD1FC6}.Debug Unity|Win32.ActiveCfg = Debug|Win32
		{9C4FB60F-AFFE-429B-ABD2-7F38ACAD1FC6}.Debug Unity|Win32.Build.0 = Debug|Win32
		{9C4FB60F-AFFE-429B-ABD2-7F38ACAD1FC6}.Debug Unity|x64.ActiveCfg = Debug|x64
		{9C4FB60F-AFFE-429B-ABD2-7F38ACAD1FC6}.Debug Unity|x64.Build.0 = Debug|x64
		{9C4FB60F-AFFE-429B-ABD2-7F38ACAD1FC6}.Debug_Mantis|Any CPU.ActiveCfg = Release|x64
		{9C4FB60F-AFFE-429B-ABD2-7F38ACAD1FC6}.Debug_Mantis|Any CPU.Build.0 = Release|x64
		{9C4FB60F-AFFE-429B-ABD2-7F38ACAD1FC6}.Debug_Mantis|Win32.ActiveCfg = Debug|Win32
		{9C4FB60F-AFFE-429B-ABD2-7F38ACAD1FC6}.Debug_Mantis|Win32.Build.0 = Debug|Win32
		{9C4FB60F-AFFE-429B-ABD2-7F38ACAD1FC6}.Debug_Mantis|x64.ActiveCfg = Debug|x64
		{9C4FB60F-AFFE-429B-ABD2-7F38ACAD1FC6}.Debug|Any CPU.ActiveCfg = Debug|Win32
		{9C4FB60F-AFFE-429B-ABD2-7F38ACAD1FC6}.Debug|Win32.ActiveCfg = Debug|Win32
		{9C4FB60F-AFFE-429B-ABD2-7F38ACAD1FC6}.Debug|Win32.Build.0 = Debug|Win32
		{9C4FB60F-AFFE-429B-ABD2-7F38ACAD1FC6}.Debug|x64.ActiveCfg = Debug|x64
		{9C4FB60F-AFFE-429B-ABD2-7F38ACAD1FC6}.Debug|x64.Build.0 = Debug|x64
		{9C4FB60F-AFFE-429B-ABD2-7F38ACAD1FC6}.Profile|Any CPU.ActiveCfg = Profile|Win32
		{9C4FB60F-AFFE-429B-ABD2-7F38ACAD1FC6}.Profile|Win32.ActiveCfg = Profile|Win32
		{9C4FB60F-AFFE-429B-ABD2-7F38ACAD1FC6}.Profile|Win32.Build.0 = Profile|Win32
		{9C4FB60F-AFFE-429B-ABD2-7F38ACAD1FC6}.Profile|x64.ActiveCfg = Profile|x64
		{9C4FB60F-AFFE-429B-ABD2-7F38ACAD1FC6}.Profile|x64.Build.0 = Profile|x64
		{9C4FB60F-AFFE-429B-ABD2-7F38ACAD1FC6}.Release Unity|Any CPU.ActiveCfg = Release|x64
		{9C4FB60F-AFFE-429B-ABD2-7F38ACAD1FC6}.Release Unity|Any CPU.Build.0 = Release|x64
		{9C4FB60F-AFFE-429B-ABD2-7F38ACAD1FC6}.Release Unity|Win32.ActiveCfg = Release|Win32
		{9C4FB60F-AFFE-429B-ABD2-7F38ACAD1FC6}.Release Unity|Win32.Build.0 = Release|Win32
		{9C4FB60F-AFFE-429B-ABD2-7F38ACAD1FC6}.Release Unity|x64.ActiveCfg = Release|x64
		{9C4FB60F-AFFE-429B-ABD2-7F38ACAD1FC6}.Release Unity|x64.Build.0 = Release|x64
		{9C4FB60F-AFFE-429B-ABD2-7F38ACAD1FC6}.Release|Any CPU.ActiveCfg = Release|Win32
		{9C4FB60F-AFFE-429B-ABD2-7F38ACAD1FC6}.Release|Win32.ActiveCfg = Release|Win32
		{9C4FB60F-AFFE-429B-ABD2-7F38ACAD1FC6}.Release|Win32.Build.0 = Release|Win32
		{9C4FB60F-AFFE-429B-ABD2-7F38ACAD1FC6}.Release|x64.ActiveCfg = Release|x64
		{9C4FB60F-AFFE-429B-ABD2-7F38ACAD1FC6}.Release|x64.Build.0 = Release|x64
		{22F31FAD-C147-41A9-B503-5F2CC73A64C6}.Debug Unity|Any CPU.ActiveCfg = Debug Unity|Win32
		{22F31FAD-C147-41A9-B503-5F2CC73A64C6}.Debug Unity|Win32.ActiveCfg = Debug Unity|Win32
		{22F31FAD-C147-41A9-B503-5F2CC73A64C6}.Debug Unity|Win32.Build.0 = Debug Unity|Win32
		{22F31FAD-C147-41A9-B503-5F2CC73A64C6}.Debug Unity|x64.ActiveCfg = Debug Unity|x64
		{22F31FAD-C147-41A9-B503-5F2CC73A64C6}.Debug Unity|x64.Build.0 = Debug Unity|x64
		{22F31FAD-C147-41A9-B503-5F2CC73A64C6}.Debug_Mantis|Any CPU.ActiveCfg = Release|x64
		{22F31FAD-C147-41A9-B503-5F2CC73A64C6}.Debug_Mantis|Any CPU.Build.0 = Release|x64
		{22F31FAD-C147-41A9-B503-5F2CC73A64C6}.Debug_Mantis|Win32.ActiveCfg = Debug|Win32
		{22F31FAD-C147-41A9-B503-5F2CC73A64C6}.Debug_Mantis|Win32.Build.0 = Debug|Win32
		{22F31FAD-C147-41A9-B503-5F2CC73A64C6}.Debug_Mantis|x64.ActiveCfg = Debug|x64
		{22F31FAD-C147-41A9-B503-5F2CC73A64C6}.Debug|Any CPU.ActiveCfg = Debug|Win32
		{22F31FAD-C147-41A9-B503-5F2CC73A64C6}.Debug|Win32.ActiveCfg = Debug|Win32
		{22F31FAD-C147-41A9-B503-5F2CC73A64C6}.Debug|Win32.Build.0 = Debug|Win32
		{22F31FAD-C147-41A9-B503-5F2CC73A64C6}.Debug|x64.ActiveCfg = Debug|x64
		{22F31FAD-C147-41A9-B503-5F2CC73A64C6}.Debug|x64.Build.0 = Debug|x64
		{22F31FAD-C147-41A9-B503-5F2CC73A64C6}.Profile|Any CPU.ActiveCfg = Release|x64
		{22F31FAD-C147-41A9-B503-5F2CC73A64C6}.Profile|Any CPU.Build.0 = Release|x64
		{22F31FAD-C147-41A9-B503-5F2CC73A64C6}.Profile|Win32.ActiveCfg = Release Unity|Win32
		{22F31FAD-C147-41A9-B503-5F2CC73A64C6}.Profile|Win32.Build.0 = Release Unity|Win32
		{22F31FAD-C147-41A9-B503-5F2CC73A64C6}.Profile|x64.ActiveCfg = Release Unity|x64
		{22F31FAD-C147-41A9-B503-5F2CC73A64C6}.Profile|x64.Build.0 = Release Unity|x64
		{22F31FAD-C147-41A9-B503-5F2CC73A64C6}.Release Unity|Any CPU.ActiveCfg = Release Unity|Win32
		{22F31FAD-C147-41A9-B503-5F2CC73A64C6}.Release Unity|Win32.ActiveCfg = Release Unity|Win32
		{22F31FAD-C147-41A9-B503-5F2CC73A64C6}.Release Unity|Win32.Build.0 = Release Unity|Win32
		{22F31FAD-C147-41A9-B503-5F2CC73A64C6}.Release Unity|x64.ActiveCfg = Release Unity|x64
		{22F31FAD-C147-41A9-B503-5F2CC73A64C6}.Release Unity|x64.Build.0 = Release Unity|x64
		{22F31FAD-C147-41A9-B503-5F2CC73A64C6}.Release|Any CPU.ActiveCfg = Release|Win32
		{22F31FAD-C147-41A9-B503-5F2CC73A64C6}.Release|Win32.ActiveCfg = Release|Win32
		{22F31FAD-C147-41A9-B503-5F2CC73A64C6}.Release|Win32.Build.0 = Release|Win32
		{22F31FAD-C147-41A9-B503-5F2CC73A64C6}.Release|x64.ActiveCfg = Release|x64
		{22F31FAD-C147-41A9-B503-5F2CC73A64C6}.Release|x64.Build.0 = Release|x64
		{F003DD88-C8F2-471F-A451-81E627D77475}.Debug Unity|Any CPU.ActiveCfg = Release|x64
		{F003DD88-C8F2-471F-A451-81E627D77475}.Debug Unity|Any CPU.Build.0 = Release|x64
		{F003DD88-C8F2-471F-A451-81E627D77475}.Debug Unity|Win32.ActiveCfg = Debug|Win32
		{F003DD88-C8F2-471F-A451-81E627D77475}.Debug Unity|Win32.Build.0 = Debug|Win32
		{F003DD88-C8F2-471F-A451-81E627D77475}.Debug Unity|x64.ActiveCfg = Release|Win32
		{F003DD88-C8F2-471F-A451-81E627D77475}.Debug Unity|x64.Build.0 = Release|Win32
		{F003DD88-C8F2-471F-A451-81E627D77475}.Debug_Mantis|Any CPU.ActiveCfg = Release|x64
		{F003DD88-C8F2-471F-A451-81E627D77475}.Debug_Mantis|Any CPU.Build.0 = Release|x64
		{F003DD88-C8F2-471F-A451-81E627D77475}.Debug_Mantis|Win32.ActiveCfg = Debug|Win32
		{F003DD88-C8F2-471F-A451-81E627D77475}.Debug_Mantis|Win32.Build.0 = Debug|Win32
		{F003DD88-C8F2-471F-A451-81E627D77475}.Debug_Mantis|x64.ActiveCfg = Debug|x64
		{F003DD88-C8F2-471F-A451-81E627D77475}.Debug|Any CPU.ActiveCfg = Debug|Win32
		{F003DD88-C8F2-471F-A451-81E627D77475}.Debug|Win32.ActiveCfg = Debug|Win32
		{F003DD88-C8F2-471F-A451-81E627D77475}.Debug|Win32.Build.0 = Debug|Win32
		{F003DD88-C8F2-471F-A451-81E627D77475}.Debug|x64.ActiveCfg = Debug|x64
		{F003DD88-C8F2-471F-A451-81E627D77475}.Debug|x64.Build.0 = Debug|x64
		{F003DD88-C8F2-471F-A451-81E627D77475}.Profile|Any CPU.ActiveCfg = Release|x64
		{F003DD88-C8F2-471F-A451-81E627D77475}.Profile|Any CPU.Build.0 = Release|x64
		{F003DD88-C8F2-471F-A451-81E627D77475}.Profile|Win32.ActiveCfg = Release|Win32
		{F003DD88-C8F2-471F-A451-81E627D77475}.Profile|Win32.Build.0 = Release|Win32
		{F003DD88-C8F2-471F-A451-81E627D77475}.Profile|x64.ActiveCfg = Release|Win32
		{F003DD88-C8F2-471F-A451-81E627D77475}.Profile|x64.Build.0 = Release|Win32
		{F003DD88-C8F2-471F-A451-81E627D77475}.Release Unity|Any CPU.ActiveCfg = Release|x64
		{F003DD88-C8F2-471F-A451-81E627D77475}.Release Unity|Any CPU.Build.0 = Release|x64
		{F003DD88-C8F2-471F-A451-81E627D77475}.Release Unity|Win32.ActiveCfg = Release|Win32
		{F003DD88-C8F2-471F-A451-81E627D77475}.Release Unity|Win32.Build.0 = Release|Win32
		{F003DD88-C8F2-471F-A451-81E627D77475}.Release Unity|x64.ActiveCfg = Release|Win32
		{F003DD88-C8F2-471F-A451-81E627D77475}.Release Unity|x64.Build.0 = Release|Win32
		{F003DD88-C8F2-471F-A451-81E627D77475}.Release|Any CPU.ActiveCfg = Release|Win32
		{F003DD88-C8F2-471F-A451-81E627D77475}.Release|Win32.ActiveCfg = Release|Win32
		{F003DD88-C8F2-471F-A451-81E627D77475}.Release|Win32.Build.0 = Release|Win32
		{F003DD88-C8F2-471F-A451-81E627D77475}.Release|x64.ActiveCfg = Release|x64
		{F003DD88-C8F2-471F-A451-81E627D77475}.Release|x64.Build.0 = Release|x64
		{16B13BB4-D82D-4AC1-8B40-C6BCCC99954B}.Debug Unity|Any CPU.ActiveCfg = Release|Win32
		{16B13BB4-D82D-4AC1-8B40-C6BCCC99954B}.Debug Unity|Any CPU.Build.0 = Release|Win32
		{16B13BB4-D82D-4AC1-8B40-C6BCCC99954B}.Debug Unity|Win32.ActiveCfg = Release|x64
		{16B13BB4-D82D-4AC1-8B40-C6BCCC99954B}.Debug Unity|Win32.Build.0 = Release|x64
		{16B13BB4-D82D-4AC1-8B40-C6BCCC99954B}.Debug Unity|x64.ActiveCfg = Debug|x64
		{16B13BB4-D82D-4AC1-8B40-C6BCCC99954B}.Debug Unity|x64.Build.0 = Debug|x64
		{16B13BB4-D82D-4AC1-8B40-C6BCCC99954B}.Debug_Mantis|Any CPU.ActiveCfg = Release|Win32
		{16B13BB4-D82D-4AC1-8B40-C6BCCC99954B}.Debug_Mantis|Any CPU.Build.0 = Release|Win32
		{16B13BB4-D82D-4AC1-8B40-C6BCCC99954B}.Debug_Mantis|Win32.ActiveCfg = Debug|Win32
		{16B13BB4-D82D-4AC1-8B40-C6BCCC99954B}.Debug_Mantis|Win32.Build.0 = Debug|Win32
		{16B13BB4-D82D-4AC1-8B40-C6BCCC99954B}.Debug_Mantis|x64.ActiveCfg = Debug|x64
		{16B13BB4-D82D-4AC1-8B40-C6BCCC99954B}.Debug|Any CPU.ActiveCfg = Debug|Win32
		{16B13BB4-D82D-4AC1-8B40-C6BCCC99954B}.Debug|Win32.ActiveCfg = Debug|Win32
		{16B13BB4-D82D-4AC1-8B40-C6BCCC99954B}.Debug|Win32.Build.0 = Debug|Win32
		{16B13BB4-D82D-4AC1-8B40-C6BCCC99954B}.Debug|x64.ActiveCfg = Debug|x64
		{16B13BB4-D82D-4AC1-8B40-C6BCCC99954B}.Debug|x64.Build.0 = Debug|x64
		{16B13BB4-D82D-4AC1-8B40-C6BCCC99954B}.Profile|Any CPU.ActiveCfg = Release|Win32
		{16B13BB4-D82D-4AC1-8B40-C6BCCC99954B}.Profile|Any CPU.Build.0 = Release|Win32
		{16B13BB4-D82D-4AC1-8B40-C6BCCC99954B}.Profile|Win32.ActiveCfg = Release|x64
		{16B13BB4-D82D-4AC1-8B40-C6BCCC99954B}.Profile|Win32.Build.0 = Release|x64
		{16B13BB4-D82D-4AC1-8B40-C6BCCC99954B}.Profile|x64.ActiveCfg = Release|x64
		{16B13BB4-D82D-4AC1-8B40-C6BCCC99954B}.Profile|x64.Build.0 = Release|x64
		{16B13BB4-D82D-4AC1-8B40-C6BCCC99954B}.Release Unity|Any CPU.ActiveCfg = Release|Win32
		{16B13BB4-D82D-4AC1-8B40-C6BCCC99954B}.Release Unity|Any CPU.Build.0 = Release|Win32
		{16B13BB4-D82D-4AC1-8B40-C6BCCC99954B}.Release Unity|Win32.ActiveCfg = Release|x64
		{16B13BB4-D82D-4AC1-8B40-C6BCCC99954B}.Release Unity|Win32.Build.0 = Release|x64
		{16B13BB4-D82D-4AC1-8B40-C6BCCC99954B}.Release Unity|x64.ActiveCfg = Release|x64
		{16B13BB4-D82D-4AC1-8B40-C6BCCC99954B}.Release Unity|x64.Build.0 = Release|x64
		{16B13BB4-D82D-4AC1-8B40-C6BCCC99954B}.Release|Any CPU.ActiveCfg = Release|Win32
		{16B13BB4-D82D-4AC1-8B40-C6BCCC99954B}.Release|Win32.ActiveCfg = Release|x64
		{16B13BB4-D82D-4AC1-8B40-C6BCCC99954B}.Release|x64.ActiveCfg = Release|x64
		{16B13BB4-D82D-4AC1-8B40-C6BCCC99954B}.Release|x64.Build.0 = Release|x64
		{0F1619BB-75F3-4D0E-858E-BF228AD17CCC}.Debug Unity|Any CPU.ActiveCfg = Release|x64
		{0F1619BB-75F3-4D0E-858E-BF228AD17CCC}.Debug Unity|Any CPU.Build.0 = Release|x64
		{0F1619BB-75F3-4D0E-858E-BF228AD17CCC}.Debug Unity|Win32.ActiveCfg = Debug|Win32
		{0F1619BB-75F3-4D0E-858E-BF228AD17CCC}.Debug Unity|Win32.Build.0 = Debug|Win32
		{0F1619BB-75F3-4D0E-858E-BF228AD17CCC}.Debug Unity|x64.ActiveCfg = Debug|x64
		{0F1619BB-75F3-4D0E-858E-BF228AD17CCC}.Debug Unity|x64.Build.0 = Debug|x64
		{0F1619BB-75F3-4D0E-858E-BF228AD17CCC}.Debug_Mantis|Any CPU.ActiveCfg = Release|x64
		{0F1619BB-75F3-4D0E-858E-BF228AD17CCC}.Debug_Mantis|Any CPU.Build.0 = Release|x64
		{0F1619BB-75F3-4D0E-858E-BF228AD17CCC}.Debug_Mantis|Win32.ActiveCfg = Debug|Win32
		{0F1619BB-75F3-4D0E-858E-BF228AD17CCC}.Debug_Mantis|Win32.Build.0 = Debug|Win32
		{0F1619BB-75F3-4D0E-858E-BF228AD17CCC}.Debug_Mantis|x64.ActiveCfg = Debug|x64
		{0F1619BB-75F3-4D0E-858E-BF228AD17CCC}.Debug|Any CPU.ActiveCfg = Debug|Win32
		{0F1619BB-75F3-4D0E-858E-BF228AD17CCC}.Debug|Win32.ActiveCfg = Debug|Win32
		{0F1619BB-75F3-4D0E-858E-BF228AD17CCC}.Debug|Win32.Build.0 = Debug|Win32
		{0F1619BB-75F3-4D0E-858E-BF228AD17CCC}.Debug|x64.ActiveCfg = Debug|x64
		{0F1619BB-75F3-4D0E-858E-BF228AD17CCC}.Debug|x64.Build.0 = Debug|x64
		{0F1619BB-75F3-4D0E-858E-BF228AD17CCC}.Profile|Any CPU.ActiveCfg = Release|x64
		{0F1619BB-75F3-4D0E-858E-BF228AD17CCC}.Profile|Any CPU.Build.0 = Release|x64
		{0F1619BB-75F3-4D0E-858E-BF228AD17CCC}.Profile|Win32.ActiveCfg = Release|Win32
		{0F1619BB-75F3-4D0E-858E-BF228AD17CCC}.Profile|Win32.Build.0 = Release|Win32
		{0F1619BB-75F3-4D0E-858E-BF228AD17CCC}.Profile|x64.ActiveCfg = Release|x64
		{0F1619BB-75F3-4D0E-858E-BF228AD17CCC}.Profile|x64.Build.0 = Release|x64
		{0F1619BB-75F3-4D0E-858E-BF228AD17CCC}.Release Unity|Any CPU.ActiveCfg = Release|x64
		{0F1619BB-75F3-4D0E-858E-BF228AD17CCC}.Release Unity|Any CPU.Build.0 = Release|x64
		{0F1619BB-75F3-4D0E-858E-BF228AD17CCC}.Release Unity|Win32.ActiveCfg = Release|Win32
		{0F1619BB-75F3-4D0E-858E-BF228AD17CCC}.Release Unity|Win32.Build.0 = Release|Win32
		{0F1619BB-75F3-4D0E-858E-BF228AD17CCC}.Release Unity|x64.ActiveCfg = Release|x64
		{0F1619BB-75F3-4D0E-858E-BF228AD17CCC}.Release Unity|x64.Build.0 = Release|x64
		{0F1619BB-75F3-4D0E-858E-BF228AD17CCC}.Release|Any CPU.ActiveCfg = Release|Win32
		{0F1619BB-75F3-4D0E-858E-BF228AD17CCC}.Release|Win32.ActiveCfg = Release|Win32
		{0F1619BB-75F3-4D0E-858E-BF228AD17CCC}.Release|Win32.Build.0 = Release|Win32
		{0F1619BB-75F3-4D0E-858E-BF228AD17CCC}.Release|x64.ActiveCfg = Release|x64
		{0F1619BB-75F3-4D0E-858E-BF228AD17CCC}.Release|x64.Build.0 = Release|x64
		{9D0BEE81-2BA5-4E43-AA85-332F1AA7F737}.Debug Unity|Any CPU.ActiveCfg = Release|x64
		{9D0BEE81-2BA5-4E43-AA85-332F1AA7F737}.Debug Unity|Any CPU.Build.0 = Release|x64
		{9D0BEE81-2BA5-4E43-AA85-332F1AA7F737}.Debug Unity|Win32.ActiveCfg = Debug|Win32
		{9D0BEE81-2BA5-4E43-AA85-332F1AA7F737}.Debug Unity|Win32.Build.0 = Debug|Win32
		{9D0BEE81-2BA5-4E43-AA85-332F1AA7F737}.Debug Unity|x64.ActiveCfg = Debug|x64
		{9D0BEE81-2BA5-4E43-AA85-332F1AA7F737}.Debug Unity|x64.Build.0 = Debug|x64
		{9D0BEE81-2BA5-4E43-AA85-332F1AA7F737}.Debug_Mantis|Any CPU.ActiveCfg = Release|x64
		{9D0BEE81-2BA5-4E43-AA85-332F1AA7F737}.Debug_Mantis|Any CPU.Build.0 = Release|x64
		{9D0BEE81-2BA5-4E43-AA85-332F1AA7F737}.Debug_Mantis|Win32.ActiveCfg = Debug|Win32
		{9D0BEE81-2BA5-4E43-AA85-332F1AA7F737}.Debug_Mantis|Win32.Build.0 = Debug|Win32
		{9D0BEE81-2BA5-4E43-AA85-332F1AA7F737}.Debug_Mantis|x64.ActiveCfg = Debug|x64
		{9D0BEE81-2BA5-4E43-AA85-332F1AA7F737}.Debug|Any CPU.ActiveCfg = Debug|Win32
		{9D0BEE81-2BA5-4E43-AA85-332F1AA7F737}.Debug|Win32.ActiveCfg = Debug|Win32
		{9D0BEE81-2BA5-4E43-AA85-332F1AA7F737}.Debug|Win32.Build.0 = Debug|Win32
		{9D0BEE81-2BA5-4E43-AA85-332F1AA7F737}.Debug|x64.ActiveCfg = Debug|x64
		{9D0BEE81-2BA5-4E43-AA85-332F1AA7F737}.Debug|x64.Build.0 = Debug|x64
		{9D0BEE81-2BA5-4E43-AA85-332F1AA7F737}.Profile|Any CPU.ActiveCfg = Release|x64
		{9D0BEE81-2BA5-4E43-AA85-332F1AA7F737}.Profile|Any CPU.Build.0 = Release|x64
		{9D0BEE81-2BA5-4E43-AA85-332F1AA7F737}.Profile|Win32.ActiveCfg = Release|Win32
		{9D0BEE81-2BA5-4E43-AA85-332F1AA7F737}.Profile|Win32.Build.0 = Release|Win32
		{9D0BEE81-2BA5-4E43-AA85-332F1AA7F737}.Profile|x64.ActiveCfg = Release|x64
		{9D0BEE81-2BA5-4E43-AA85-332F1AA7F737}.Profile|x64.Build.0 = Release|x64
		{9D0BEE81-2BA5-4E43-AA85-332F1AA7F737}.Release Unity|Any CPU.ActiveCfg = Release|x64
		{9D0BEE81-2BA5-4E43-AA85-332F1AA7F737}.Release Unity|Any CPU.Build.0 = Release|x64
		{9D0BEE81-2BA5-4E43-AA85-332F1AA7F737}.Release Unity|Win32.ActiveCfg = Release|Win32
		{9D0BEE81-2BA5-4E43-AA85-332F1AA7F737}.Release Unity|Win32.Build.0 = Release|Win32
		{9D0BEE81-2BA5-4E43-AA85-332F1AA7F737}.Release Unity|x64.ActiveCfg = Release|x64
		{9D0BEE81-2BA5-4E43-AA85-332F1AA7F737}.Release Unity|x64.Build.0 = Release|x64
		{9D0BEE81-2BA5-4E43-AA85-332F1AA7F737}.Release|Any CPU.ActiveCfg = Release|Win32
		{9D0BEE81-2BA5-4E43-AA85-332F1AA7F737}.Release|Win32.ActiveCfg = Release|Win32
		{9D0BEE81-2BA5-4E43-AA85-332F1AA7F737}.Release|Win32.Build.0 = Release|Win32
		{9D0BEE81-2BA5-4E43-AA85-332F1AA7F737}.Release|x64.ActiveCfg = Release|x64
		{9D0BEE81-2BA5-4E43-AA85-332F1AA7F737}.Release|x64.Build.0 = Release|x64
		{B23D5850-468F-4D39-A7A8-E12492B424E0}.Debug Unity|Any CPU.ActiveCfg = Release|x64
		{B23D5850-468F-4D39-A7A8-E12492B424E0}.Debug Unity|Any CPU.Build.0 = Release|x64
		{B23D5850-468F-4D39-A7A8-E12492B424E0}.Debug Unity|Win32.ActiveCfg = Debug|Win32
		{B23D5850-468F-4D39-A7A8-E12492B424E0}.Debug Unity|Win32.Build.0 = Debug|Win32
		{B23D5850-468F-4D39-A7A8-E12492B424E0}.Debug Unity|x64.ActiveCfg = Debug|x64
		{B23D5850-468F-4D39-A7A8-E12492B424E0}.Debug Unity|x64.Build.0 = Debug|x64
		{B23D5850-468F-4D39-A7A8-E12492B424E0}.Debug_Mantis|Any CPU.ActiveCfg = Release|x64
		{B23D5850-468F-4D39-A7A8-E12492B424E0}.Debug_Mantis|Any CPU.Build.0 = Release|x64
		{B23D5850-468F-4D39-A7A8-E12492B424E0}.Debug_Mantis|Win32.ActiveCfg = Debug|Win32
		{B23D5850-468F-4D39-A7A8-E12492B424E0}.Debug_Mantis|Win32.Build.0 = Debug|Win32
		{B23D5850-468F-4D39-A7A8-E12492B424E0}.Debug_Mantis|x64.ActiveCfg = Debug|x64
		{B23D5850-468F-4D39-A7A8-E12492B424E0}.Debug|Any CPU.ActiveCfg = Debug|Win32
		{B23D5850-468F-4D39-A7A8-E12492B424E0}.Debug|Win32.ActiveCfg = Debug|Win32
		{B23D5850-468F-4D39-A7A8-E12492B424E0}.Debug|Win32.Build.0 = Debug|Win32
		{B23D5850-468F-4D39-A7A8-E12492B424E0}.Debug|x64.ActiveCfg = Debug|x64
		{B23D5850-468F-4D39-A7A8-E12492B424E0}.Debug|x64.Build.0 = Debug|x64
		{B23D5850-468F-4D39-A7A8-E12492B424E0}.Profile|Any CPU.ActiveCfg = Release|x64
		{B23D5850-468F-4D39-A7A8-E12492B424E0}.Profile|Any CPU.Build.0 = Release|x64
		{B23D5850-468F-4D39-A7A8-E12492B424E0}.Profile|Win32.ActiveCfg = Release|Win32
		{B23D5850-468F-4D39-A7A8-E12492B424E0}.Profile|Win32.Build.0 = Release|Win32
		{B23D5850-468F-4D39-A7A8-E12492B424E0}.Profile|x64.ActiveCfg = Release|x64
		{B23D5850-468F-4D39-A7A8-E12492B424E0}.Profile|x64.Build.0 = Release|x64
		{B23D5850-468F-4D39-A7A8-E12492B424E0}.Release Unity|Any CPU.ActiveCfg = Release|x64
		{B23D5850-468F-4D39-A7A8-E12492B424E0}.Release Unity|Any CPU.Build.0 = Release|x64
		{B23D5850-468F-4D39-A7A8-E12492B424E0}.Release Unity|Win32.ActiveCfg = Release|Win32
		{B23D5850-468F-4D39-A7A8-E12492B424E0}.Release Unity|Win32.Build.0 = Release|Win32
		{B23D5850-468F-4D39-A7A8-E12492B424E0}.Release Unity|x64.ActiveCfg = Release|x64
		{B23D5850-468F-4D39-A7A8-E12492B424E0}.Release Unity|x64.Build.0 = Release|x64
		{B23D5850-468F-4D39-A7A8-E12492B424E0}.Release|Any CPU.ActiveCfg = Release|Win32
		{B23D5850-468F-4D39-A7A8-E12492B424E0}.Release|Win32.ActiveCfg = Release|Win32
		{B23D5850-468F-4D39-A7A8-E12492B424E0}.Release|Win32.Build.0 = Release|Win32
		{B23D5850-468F-4D39-A7A8-E12492B424E0}.Release|x64.ActiveCfg = Release|x64
		{B23D5850-468F-4D39-A7A8-E12492B424E0}.Release|x64.Build.0 = Release|x64
		{D3D09003-96D0-4629-88B8-122C0256058C}.Debug Unity|Any CPU.ActiveCfg = Release|x64
		{D3D09003-96D0-4629-88B8-122C0256058C}.Debug Unity|Any CPU.Build.0 = Release|x64
		{D3D09003-96D0-4629-88B8-122C0256058C}.Debug Unity|Win32.ActiveCfg = Debug|Win32
		{D3D09003-96D0-4629-88B8-122C0256058C}.Debug Unity|Win32.Build.0 = Debug|Win32
		{D3D09003-96D0-4629-88B8-122C0256058C}.Debug Unity|x64.ActiveCfg = Debug|x64
		{D3D09003-96D0-4629-88B8-122C0256058C}.Debug Unity|x64.Build.0 = Debug|x64
		{D3D09003-96D0-4629-88B8-122C0256058C}.Debug_Mantis|Any CPU.ActiveCfg = Release|x64
		{D3D09003-96D0-4629-88B8-122C0256058C}.Debug_Mantis|Any CPU.Build.0 = Release|x64
		{D3D09003-96D0-4629-88B8-122C0256058C}.Debug_Mantis|Win32.ActiveCfg = Debug|Win32
		{D3D09003-96D0-4629-88B8-122C0256058C}.Debug_Mantis|Win32.Build.0 = Debug|Win32
		{D3D09003-96D0-4629-88B8-122C0256058C}.Debug_Mantis|x64.ActiveCfg = Debug|x64
		{D3D09003-96D0-4629-88B8-122C0256058C}.Debug|Any CPU.ActiveCfg = Debug|Win32
		{D3D09003-96D0-4629-88B8-122C0256058C}.Debug|Win32.ActiveCfg = Debug|Win32
		{D3D09003-96D0-4629-88B8-122C0256058C}.Debug|Win32.Build.0 = Debug|Win32
		{D3D09003-96D0-4629-88B8-122C0256058C}.Debug|x64.ActiveCfg = Debug|x64
		{D3D09003-96D0-4629-88B8-122C0256058C}.Debug|x64.Build.0 = Debug|x64
		{D3D09003-96D0-4629-88B8-122C0256058C}.Profile|Any CPU.ActiveCfg = Profile|Win32
		{D3D09003-96D0-4629-88B8-122C0256058C}.Profile|Win32.ActiveCfg = Profile|Win32
		{D3D09003-96D0-4629-88B8-122C0256058C}.Profile|Win32.Build.0 = Profile|Win32
		{D3D09003-96D0-4629-88B8-122C0256058C}.Profile|x64.ActiveCfg = Profile|x64
		{D3D09003-96D0-4629-88B8-122C0256058C}.Profile|x64.Build.0 = Profile|x64
		{D3D09003-96D0-4629-88B8-122C0256058C}.Release Unity|Any CPU.ActiveCfg = Release|x64
		{D3D09003-96D0-4629-88B8-122C0256058C}.Release Unity|Any CPU.Build.0 = Release|x64
		{D3D09003-96D0-4629-88B8-122C0256058C}.Release Unity|Win32.ActiveCfg = Release|Win32
		{D3D09003-96D0-4629-88B8-122C0256058C}.Release Unity|Win32.Build.0 = Release|Win32
		{D3D09003-96D0-4629-88B8-122C0256058C}.Release Unity|x64.ActiveCfg = Release|x64
		{D3D09003-96D0-4629-88B8-122C0256058C}.Release Unity|x64.Build.0 = Release|x64
		{D3D09003-96D0-4629-88B8-122C0256058C}.Release|Any CPU.ActiveCfg = Release|Win32
		{D3D09003-96D0-4629-88B8-122C0256058C}.Release|Win32.ActiveCfg = Release|Win32
		{D3D09003-96D0-4629-88B8-122C0256058C}.Release|Win32.Build.0 = Release|Win32
		{D3D09003-96D0-4629-88B8-122C0256058C}.Release|x64.ActiveCfg = Release|x64
		{D3D09003-96D0-4629-88B8-122C0256058C}.Release|x64.Build.0 = Release|x64
		{C8EB413F-F973-48CF-8D06-8E963C1F819A}.Debug Unity|Any CPU.ActiveCfg = Release|x64
		{C8EB413F-F973-48CF-8D06-8E963C1F819A}.Debug Unity|Any CPU.Build.0 = Release|x64
		{C8EB413F-F973-48CF-8D06-8E963C1F819A}.Debug Unity|Win32.ActiveCfg = Debug|Win32
		{C8EB413F-F973-48CF-8D06-8E963C1F819A}.Debug Unity|Win32.Build.0 = Debug|Win32
		{C8EB413F-F973-48CF-8D06-8E963C1F819A}.Debug Unity|x64.ActiveCfg = Debug|x64
		{C8EB413F-F973-48CF-8D06-8E963C1F819A}.Debug Unity|x64.Build.0 = Debug|x64
		{C8EB413F-F973-48CF-8D06-8E963C1F819A}.Debug_Mantis|Any CPU.ActiveCfg = Release|x64
		{C8EB413F-F973-48CF-8D06-8E963C1F819A}.Debug_Mantis|Any CPU.Build.0 = Release|x64
		{C8EB413F-F973-48CF-8D06-8E963C1F819A}.Debug_Mantis|Win32.ActiveCfg = Debug|Win32
		{C8EB413F-F973-48CF-8D06-8E963C1F819A}.Debug_Mantis|Win32.Build.0 = Debug|Win32
		{C8EB413F-F973-48CF-8D06-8E963C1F819A}.Debug_Mantis|x64.ActiveCfg = Debug|x64
		{C8EB413F-F973-48CF-8D06-8E963C1F819A}.Debug|Any CPU.ActiveCfg = Debug|Win32
		{C8EB413F-F973-48CF-8D06-8E963C1F819A}.Debug|Win32.ActiveCfg = Debug|Win32
		{C8EB413F-F973-48CF-8D06-8E963C1F819A}.Debug|Win32.Build.0 = Debug|Win32
		{C8EB413F-F973-48CF-8D06-8E963C1F819A}.Debug|x64.ActiveCfg = Debug|x64
		{C8EB413F-F973-48CF-8D06-8E963C1F819A}.Debug|x64.Build.0 = Debug|x64
		{C8EB413F-F973-48CF-8D06-8E963C1F819A}.Profile|Any CPU.ActiveCfg = Profile|Win32
		{C8EB413F-F973-48CF-8D06-8E963C1F819A}.Profile|Win32.ActiveCfg = Profile|Win32
		{C8EB413F-F973-48CF-8D06-8E963C1F819A}.Profile|Win32.Build.0 = Profile|Win32
		{C8EB413F-F973-48CF-8D06-8E963C1F819A}.Profile|x64.ActiveCfg = Profile|x64
		{C8EB413F-F973-48CF-8D06-8E963C1F819A}.Profile|x64.Build.0 = Profile|x64
		{C8EB413F-F973-48CF-8D06-8E963C1F819A}.Release Unity|Any CPU.ActiveCfg = Release|x64
		{C8EB413F-F973-48CF-8D06-8E963C1F819A}.Release Unity|Any CPU.Build.0 = Release|x64
		{C8EB413F-F973-48CF-8D06-8E963C1F819A}.Release Unity|Win32.ActiveCfg = Release|Win32
		{C8EB413F-F973-48CF-8D06-8E963C1F819A}.Release Unity|Win32.Build.0 = Release|Win32
		{C8EB413F-F973-48CF-8D06-8E963C1F819A}.Release Unity|x64.ActiveCfg = Release|x64
		{C8EB413F-F973-48CF-8D06-8E963C1F819A}.Release Unity|x64.Build.0 = Release|x64
		{C8EB413F-F973-48CF-8D06-8E963C1F819A}.Release|Any CPU.ActiveCfg = Release|Win32
		{C8EB413F-F973-48CF-8D06-8E963C1F819A}.Release|Win32.ActiveCfg = Release|Win32
		{C8EB413F-F973-48CF-8D06-8E963C1F819A}.Release|Win32.Build.0 = Release|Win32
		{C8EB413F-F973-48CF-8D06-8E963C1F819A}.Release|x64.ActiveCfg = Release|x64
		{C8EB413F-F973-48CF-8D06-8E963C1F819A}.Release|x64.Build.0 = Release|x64
		{8D656B6D-8C97-4E30-A646-BA8CA2BB1FA1}.Debug Unity|Any CPU.ActiveCfg = Debug|Any CPU
		{8D656B6D-8C97-4E30-A646-BA8CA2BB1FA1}.Debug Unity|Any CPU.Build.0 = Debug|Any CPU
		{8D656B6D-8C97-4E30-A646-BA8CA2BB1FA1}.Debug Unity|Win32.ActiveCfg = Debug|Any CPU
		{8D656B6D-8C97-4E30-A646-BA8CA2BB1FA1}.Debug Unity|Win32.Build.0 = Debug|Any CPU
		{8D656B6D-8C97-4E30-A646-BA8CA2BB1FA1}.Debug Unity|x64.ActiveCfg = Debug|Any CPU
		{8D656B6D-8C97-4E30-A646-BA8CA2BB1FA1}.Debug Unity|x64.Build.0 = Debug|Any CPU
		{8D656B6D-8C97-4E30-A646-BA8CA2BB1FA1}.Debug_Mantis|Any CPU.ActiveCfg = Debug|Any CPU
		{8D656B6D-8C97-4E30-A646-BA8CA2BB1FA1}.Debug_Mantis|Any CPU.Build.0 = Debug|Any CPU
		{8D656B6D-8C97-4E30-A646-BA8CA2BB1FA1}.Debug_Mantis|Win32.ActiveCfg = Debug|Any CPU
		{8D656B6D-8C97-4E30-A646-BA8CA2BB1FA1}.Debug_Mantis|Win32.Build.0 = Debug|Any CPU
		{8D656B6D-8C97-4E30-A646-BA8CA2BB1FA1}.Debug_Mantis|x64.ActiveCfg = Debug|Any CPU
		{8D656B6D-8C97-4E30-A646-BA8CA2BB1FA1}.Debug_Mantis|x64.Build.0 = Debug|Any CPU
		{8D656B6D-8C97-4E30-A646-BA8CA2BB1FA1}.Debug|Any CPU.ActiveCfg = Debug|Any CPU
		{8D656B6D-8C97-4E30-A646-BA8CA2BB1FA1}.Debug|Any CPU.Build.0 = Debug|Any CPU
		{8D656B6D-8C97-4E30-A646-BA8CA2BB1FA1}.Debug|Win32.ActiveCfg = Debug|Any CPU
		{8D656B6D-8C97-4E30-A646-BA8CA2BB1FA1}.Debug|Win32.Build.0 = Debug|Any CPU
		{8D656B6D-8C97-4E30-A646-BA8CA2BB1FA1}.Debug|x64.ActiveCfg = Debug|Any CPU
		{8D656B6D-8C97-4E30-A646-BA8CA2BB1FA1}.Debug|x64.Build.0 = Debug|Any CPU
		{8D656B6D-8C97-4E30-A646-BA8CA2BB1FA1}.Profile|Any CPU.ActiveCfg = Debug|Any CPU
		{8D656B6D-8C97-4E30-A646-BA8CA2BB1FA1}.Profile|Any CPU.Build.0 = Debug|Any CPU
		{8D656B6D-8C97-4E30-A646-BA8CA2BB1FA1}.Profile|Win32.ActiveCfg = Debug|Any CPU
		{8D656B6D-8C97-4E30-A646-BA8CA2BB1FA1}.Profile|Win32.Build.0 = Debug|Any CPU
		{8D656B6D-8C97-4E30-A646-BA8CA2BB1FA1}.Profile|x64.ActiveCfg = Debug|Any CPU
		{8D656B6D-8C97-4E30-A646-BA8CA2BB1FA1}.Profile|x64.Build.0 = Debug|Any CPU
		{8D656B6D-8C97-4E30-A646-BA8CA2BB1FA1}.Release Unity|Any CPU.ActiveCfg = Release|Any CPU
		{8D656B6D-8C97-4E30-A646-BA8CA2BB1FA1}.Release Unity|Any CPU.Build.0 = Release|Any CPU
		{8D656B6D-8C97-4E30-A646-BA8CA2BB1FA1}.Release Unity|Win32.ActiveCfg = Release|Any CPU
		{8D656B6D-8C97-4E30-A646-BA8CA2BB1FA1}.Release Unity|Win32.Build.0 = Release|Any CPU
		{8D656B6D-8C97-4E30-A646-BA8CA2BB1FA1}.Release Unity|x64.ActiveCfg = Release|Any CPU
		{8D656B6D-8C97-4E30-A646-BA8CA2BB1FA1}.Release Unity|x64.Build.0 = Release|Any CPU
		{8D656B6D-8C97-4E30-A646-BA8CA2BB1FA1}.Release|Any CPU.ActiveCfg = Release|Any CPU
		{8D656B6D-8C97-4E30-A646-BA8CA2BB1FA1}.Release|Any CPU.Build.0 = Release|Any CPU
		{8D656B6D-8C97-4E30-A646-BA8CA2BB1FA1}.Release|Win32.ActiveCfg = Release|Any CPU
		{8D656B6D-8C97-4E30-A646-BA8CA2BB1FA1}.Release|Win32.Build.0 = Release|Any CPU
		{8D656B6D-8C97-4E30-A646-BA8CA2BB1FA1}.Release|x64.ActiveCfg = Release|Any CPU
		{8D656B6D-8C97-4E30-A646-BA8CA2BB1FA1}.Release|x64.Build.0 = Release|Any CPU
		{9ABBB345-3D48-49A2-9BA5-777C30102F0B}.Debug Unity|Any CPU.ActiveCfg = Debug|Win32
		{9ABBB345-3D48-49A2-9BA5-777C30102F0B}.Debug Unity|Any CPU.Build.0 = Debug|Win32
		{9ABBB345-3D48-49A2-9BA5-777C30102F0B}.Debug Unity|Win32.ActiveCfg = Debug|Win32
		{9ABBB345-3D48-49A2-9BA5-777C30102F0B}.Debug Unity|Win32.Build.0 = Debug|Win32
		{9ABBB345-3D48-49A2-9BA5-777C30102F0B}.Debug Unity|x64.ActiveCfg = Debug|x64
		{9ABBB345-3D48-49A2-9BA5-777C30102F0B}.Debug Unity|x64.Build.0 = Debug|x64
		{9ABBB345-3D48-49A2-9BA5-777C30102F0B}.Debug_Mantis|Any CPU.ActiveCfg = Debug|Win32
		{9ABBB345-3D48-49A2-9BA5-777C30102F0B}.Debug_Mantis|Any CPU.Build.0 = Debug|Win32
		{9ABBB345-3D48-49A2-9BA5-777C30102F0B}.Debug_Mantis|Win32.ActiveCfg = Debug|Win32
		{9ABBB345-3D48-49A2-9BA5-777C30102F0B}.Debug_Mantis|Win32.Build.0 = Debug|Win32
		{9ABBB345-3D48-49A2-9BA5-777C30102F0B}.Debug_Mantis|x64.ActiveCfg = Debug|x64
		{9ABBB345-3D48-49A2-9BA5-777C30102F0B}.Debug_Mantis|x64.Build.0 = Debug|x64
		{9ABBB345-3D48-49A2-9BA5-777C30102F0B}.Debug|Any CPU.ActiveCfg = Debug|Win32
		{9ABBB345-3D48-49A2-9BA5-777C30102F0B}.Debug|Win32.ActiveCfg = Debug|Win32
		{9ABBB345-3D48-49A2-9BA5-777C30102F0B}.Debug|Win32.Build.0 = Debug|Win32
		{9ABBB345-3D48-49A2-9BA5-777C30102F0B}.Debug|x64.ActiveCfg = Debug|x64
		{9ABBB345-3D48-49A2-9BA5-777C30102F0B}.Debug|x64.Build.0 = Debug|x64
		{9ABBB345-3D48-49A2-9BA5-777C30102F0B}.Profile|Any CPU.ActiveCfg = Debug|Win32
		{9ABBB345-3D48-49A2-9BA5-777C30102F0B}.Profile|Any CPU.Build.0 = Debug|Win32
		{9ABBB345-3D48-49A2-9BA5-777C30102F0B}.Profile|Win32.ActiveCfg = Debug|Win32
		{9ABBB345-3D48-49A2-9BA5-777C30102F0B}.Profile|Win32.Build.0 = Debug|Win32
		{9ABBB345-3D48-49A2-9BA5-777C30102F0B}.Profile|x64.ActiveCfg = Debug|x64
		{9ABBB345-3D48-49A2-9BA5-777C30102F0B}.Profile|x64.Build.0 = Debug|x64
		{9ABBB345-3D48-49A2-9BA5-777C30102F0B}.Release Unity|Any CPU.ActiveCfg = Debug|Win32
		{9ABBB345-3D48-49A2-9BA5-777C30102F0B}.Release Unity|Any CPU.Build.0 = Debug|Win32
		{9ABBB345-3D48-49A2-9BA5-777C30102F0B}.Release Unity|Win32.ActiveCfg = Release|Win32
		{9ABBB345-3D48-49A2-9BA5-777C30102F0B}.Release Unity|Win32.Build.0 = Release|Win32
		{9ABBB345-3D48-49A2-9BA5-777C30102F0B}.Release Unity|x64.ActiveCfg = Release|x64
		{9ABBB345-3D48-49A2-9BA5-777C30102F0B}.Release Unity|x64.Build.0 = Release|x64
		{9ABBB345-3D48-49A2-9BA5-777C30102F0B}.Release|Any CPU.ActiveCfg = Release|Win32
		{9ABBB345-3D48-49A2-9BA5-777C30102F0B}.Release|Win32.ActiveCfg = Release|Win32
		{9ABBB345-3D48-49A2-9BA5-777C30102F0B}.Release|Win32.Build.0 = Release|Win32
		{9ABBB345-3D48-49A2-9BA5-777C30102F0B}.Release|x64.ActiveCfg = Release|x64
		{9ABBB345-3D48-49A2-9BA5-777C30102F0B}.Release|x64.Build.0 = Release|x64
	EndGlobalSection
	GlobalSection(SolutionProperties) = preSolution
		HideSolutionNode = FALSE
	EndGlobalSection
	GlobalSection(NestedProjects) = preSolution
		{9C4FB60F-AFFE-429B-ABD2-7F38ACAD1FC6} = {940EA503-1A42-4750-B4BF-A71BFE7C0012}
		{16B13BB4-D82D-4AC1-8B40-C6BCCC99954B} = {940EA503-1A42-4750-B4BF-A71BFE7C0012}
		{0F1619BB-75F3-4D0E-858E-BF228AD17CCC} = {940EA503-1A42-4750-B4BF-A71BFE7C0012}
		{9D0BEE81-2BA5-4E43-AA85-332F1AA7F737} = {940EA503-1A42-4750-B4BF-A71BFE7C0012}
		{B23D5850-468F-4D39-A7A8-E12492B424E0} = {940EA503-1A42-4750-B4BF-A71BFE7C0012}
		{D3D09003-96D0-4629-88B8-122C0256058C} = {940EA503-1A42-4750-B4BF-A71BFE7C0012}
		{C8EB413F-F973-48CF-8D06-8E963C1F819A} = {940EA503-1A42-4750-B4BF-A71BFE7C0012}
		{8D656B6D-8C97-4E30-A646-BA8CA2BB1FA1} = {940EA503-1A42-4750-B4BF-A71BFE7C0012}
		{9ABBB345-3D48-49A2-9BA5-777C30102F0B} = {940EA503-1A42-4750-B4BF-A71BFE7C0012}
	EndGlobalSection
	GlobalSection(ExtensibilityGlobals) = postSolution
		SolutionGuid = {B7D6825B-18D5-49D2-9701-3B8F16E5016C}
	EndGlobalSection
EndGlobal
