<?xml version="1.0" encoding="utf-8"?>
<Project ToolsVersion="4.0" xmlns="http://schemas.microsoft.com/developer/msbuild/2003">
  <ItemGroup>
    <Filter Include="Source Files">
      <UniqueIdentifier>{4FC737F1-C7A5-4376-A066-2A32D752A2FF}</UniqueIdentifier>
      <Extensions>cpp;c;cc;cxx;def;odl;idl;hpj;bat;asm;asmx</Extensions>
    </Filter>
    <Filter Include="Header Files">
      <UniqueIdentifier>{93995380-89BD-4b04-88EB-625FBE52EBFB}</UniqueIdentifier>
      <Extensions>h;hpp;hxx;hm;inl;inc;xsd</Extensions>
    </Filter>
    <Filter Include="Resource Files">
      <UniqueIdentifier>{67DA6AB6-F800-4c08-8B7A-83BB121AAD01}</UniqueIdentifier>
      <Extensions>rc;ico;cur;bmp;dlg;rc2;rct;bin;rgs;gif;jpg;jpeg;jpe;resx;tiff;tif;png;wav;mfcribbon-ms</Extensions>
    </Filter>
  </ItemGroup>
  <ItemGroup>
    <ClInclude Include="..\Include\VIOSOWarpBlend.h">
      <Filter>Header Files</Filter>
    </ClInclude>
    <ClInclude Include="DX\DX9WarpBlend.h">
      <Filter>Header Files</Filter>
    </ClInclude>
    <ClInclude Include="DX\pixelshader.h">
      <Filter>Header Files</Filter>
    </ClInclude>
    <ClInclude Include="common.h">
      <Filter>Header Files</Filter>
    </ClInclude>
    <ClInclude Include="GL\GLWarpBlend.h">
      <Filter>Header Files</Filter>
    </ClInclude>
    <ClInclude Include="GL\pixelshader.h">
      <Filter>Header Files</Filter>
    </ClInclude>
    <ClInclude Include="mmath.h">
      <Filter>Header Files</Filter>
    </ClInclude>
    <ClInclude Include="..\Include\EyePointProvider.h">
      <Filter>Header Files</Filter>
    </ClInclude>
    <ClInclude Include="..\Include\VWBTypes.h">
      <Filter>Header Files</Filter>
    </ClInclude>
    <ClInclude Include="..\Include\VWBDef.h">
      <Filter>Header Files</Filter>
    </ClInclude>
    <ClInclude Include="DX\DX11WarpBlend.h">
      <Filter>Header Files</Filter>
    </ClInclude>
    <ClInclude Include="DX\DXWarpBlend.h">
      <Filter>Header Files</Filter>
    </ClInclude>
    <ClInclude Include="DX\DX10WarpBlend.h">
      <Filter>Header Files</Filter>
    </ClInclude>
    <ClInclude Include="logging.h">
      <Filter>Header Files</Filter>
    </ClInclude>
    <ClInclude Include="PathHelper.h">
      <Filter>Header Files</Filter>
    </ClInclude>
    <ClInclude Include="Platform.h">
      <Filter>Header Files</Filter>
    </ClInclude>
    <ClInclude Include="GL\GLext.h">
      <Filter>Header Files</Filter>
    </ClInclude>
    <ClInclude Include="socket.h">
      <Filter>Header Files</Filter>
    </ClInclude>
    <ClInclude Include="SPtr.h">
      <Filter>Header Files</Filter>
    </ClInclude>
    <ClInclude Include="Net.h">
      <Filter>Header Files</Filter>
    </ClInclude>
    <ClInclude Include="DX\DX9EXWarpBlend.h">
      <Filter>Header Files</Filter>
    </ClInclude>
    <ClInclude Include="JSONWrapper.h">
      <Filter>Header Files</Filter>
    </ClInclude>
    <ClInclude Include="DX\DX12WarpBlend.h">
      <Filter>Header Files</Filter>
    </ClInclude>
    <ClInclude Include="3rdparty\tinyxml2\tinyxml2.h">
      <Filter>Header Files</Filter>
    </ClInclude>
    <ClInclude Include="3rdparty\delauney\DelaunayTriangles.h">
      <Filter>Header Files</Filter>
    </ClInclude>
    <ClInclude Include="VWF.h">
      <Filter>Header Files</Filter>
    </ClInclude>
    <ClInclude Include="resource.h">
      <Filter>Header Files</Filter>
    </ClInclude>
    <ClInclude Include="..\Include\VIOSOWarpBlend.hpp">
      <Filter>Header Files</Filter>
    </ClInclude>
    <ClInclude Include="GL\GLWarpBlendXPL.h">
      <Filter>Header Files</Filter>
    </ClInclude>
  </ItemGroup>
  <ItemGroup>
    <ClCompile Include="DX\DX9WarpBlend.cpp">
      <Filter>Source Files</Filter>
    </ClCompile>
    <ClCompile Include="VIOSOWarpBlend.cpp">
      <Filter>Source Files</Filter>
    </ClCompile>
    <ClCompile Include="GL\GLWarpBlend.cpp">
      <Filter>Source Files</Filter>
    </ClCompile>
    <ClCompile Include="DX\DX11WarpBlend.cpp">
      <Filter>Source Files</Filter>
    </ClCompile>
    <ClCompile Include="DX\DXWarpBlend.cpp">
      <Filter>Source Files</Filter>
    </ClCompile>
    <ClCompile Include="DX\DX10WarpBlend.cpp">
      <Filter>Source Files</Filter>
    </ClCompile>
    <ClCompile Include="logging.cpp">
      <Filter>Source Files</Filter>
    </ClCompile>
    <ClCompile Include="PathHelper.cpp">
      <Filter>Source Files</Filter>
    </ClCompile>
    <ClCompile Include="socket.cpp">
      <Filter>Source Files</Filter>
    </ClCompile>
    <ClCompile Include="Net.cpp">
      <Filter>Source Files</Filter>
    </ClCompile>
    <ClCompile Include="DX\DX9EXWarpBlend.cpp">
      <Filter>Source Files</Filter>
    </ClCompile>
    <ClCompile Include="JSONWrapper.cpp">
      <Filter>Source Files</Filter>
    </ClCompile>
    <ClCompile Include="DX\DX12WarpBlend.cpp">
      <Filter>Source Files</Filter>
    </ClCompile>
    <ClCompile Include="3rdparty\tinyxml2\tinyxml2.cpp">
      <Filter>Source Files</Filter>
    </ClCompile>
    <ClCompile Include="3rdparty\delauney\DelaunayTriangles.cpp">
      <Filter>Source Files</Filter>
    </ClCompile>
    <ClCompile Include="VWF.cpp">
      <Filter>Source Files</Filter>
    </ClCompile>
    <ClCompile Include="GL\GLWarpBlendXPL.cpp">
      <Filter>Source Files</Filter>
    </ClCompile>
  </ItemGroup>
  <ItemGroup>
    <ResourceCompile Include="VIOSOWarpBlend.rc">
      <Filter>Resource Files</Filter>
    </ResourceCompile>
  </ItemGroup>
</Project>